
Microsoft Visual Studio Solution File, Format Version 12.00
# Visual Studio Version 17
VisualStudioVersion = 17.6.33815.320
MinimumVisualStudioVersion = 10.0.40219.1
Project("{FAE04EC0-301F-11D3-BF4B-00C04F79EFBC}") = "JThief", "JThief\JThief.csproj", "{BED7A88F-C45C-4AA7-B47C-5E0CA70186F8}"
EndProject
Global
	GlobalSection(SolutionConfigurationPlatforms) = preSolution
		Debug|Any CPU = Debug|Any CPU
		Release|Any CPU = Release|Any CPU
	EndGlobalSection
	GlobalSection(ProjectConfigurationPlatforms) = postSolution
		{BED7A88F-C45C-4AA7-B47C-5E0CA70186F8}.Debug|Any CPU.ActiveCfg = Debug|Any CPU
		{BED7A88F-C45C-4AA7-B47C-5E0CA70186F8}.Debug|Any CPU.Build.0 = Debug|Any CPU
		{BED7A88F-C45C-4AA7-B47C-5E0CA70186F8}.Release|Any CPU.ActiveCfg = Release|Any CPU
		{BED7A88F-C45C-4AA7-B47C-5E0CA70186F8}.Release|Any CPU.Build.0 = Release|Any CPU
	EndGlobalSection
	GlobalSection(SolutionProperties) = preSolution
		HideSolutionNode = FALSE
	EndGlobalSection
	GlobalSection(ExtensibilityGlobals) = postSolution
		SolutionGuid = {C726131B-B04D-42BF-B1BD-B611765DB3EA}
	EndGlobalSection
EndGlobal
